{
    "_readme": [
        "This file locks the dependencies of your project to a known state",
        "Read more about it at https://getcomposer.org/doc/01-basic-usage.md#installing-dependencies",
        "This file is @generated automatically"
    ],
    "content-hash": "636b7dd251e3a68af263f08c41ebd24c",
    "packages": [
        {
            "name": "vladimir163/lead-generator",
            "version": "dev-master",
            "source": {
                "type": "git",
                "url": "https://github.com/vladimir163/lead-generator.git",
                "reference": "9a9992de6cf66c3fd4ac3b22688763f8dee5ab72"
            },
            "dist": {
                "type": "zip",
                "url": "https://api.github.com/repos/vladimir163/lead-generator/zipball/9a9992de6cf66c3fd4ac3b22688763f8dee5ab72",
                "reference": "9a9992de6cf66c3fd4ac3b22688763f8dee5ab72",
                "shasum": ""
            },
            "require": {
                "php": ">=7"
            },
            "type": "library",
            "autoload": {
                "psr-4": {
                    "LeadGenerator\\": "src/"
                }
            },
            "notification-url": "https://packagist.org/downloads/",
            "authors": [
                {
                    "name": "Vladimir Samuylov",
                    "email": "vladimir@samujlov.ru"
                }
            ],
            "time": "2020-07-30T07:43:33+00:00"
        }
    ],
    "packages-dev": [],
    "aliases": [],
    "minimum-stability": "dev",
    "stability-flags": [],
    "prefer-stable": false,
    "prefer-lowest": false,
    "platform": [],
    "platform-dev": []
}
